
Microsoft Visual Studio Solution File, Format Version 12.00
# Visual Studio Version 17
VisualStudioVersion = 17.2.32519.379
MinimumVisualStudioVersion = 10.0.40219.1
Project("{2150E333-8FDC-42A3-9474-1A3956D46DE8}") = "services", "services", "{F935426A-CF5C-4C35-B6C6-9F3922C933FE}"
EndProject
Project("{2150E333-8FDC-42A3-9474-1A3956D46DE8}") = "Catalog", "Catalog", "{667323BA-CC90-4E96-B195-572F75CCE467}"
EndProject
Project("{FAE04EC0-301F-11D3-BF4B-00C04F79EFBC}") = "Catalog.API", "Services\Catalog\Catalog.API\Catalog.API.csproj", "{9322EA55-EDD9-4194-BF77-8438DC88C501}"
EndProject
Global
	GlobalSection(SolutionConfigurationPlatforms) = preSolution
		Debug|Any CPU = Debug|Any CPU
		Release|Any CPU = Release|Any CPU
	EndGlobalSection
	GlobalSection(ProjectConfigurationPlatforms) = postSolution
		{9322EA55-EDD9-4194-BF77-8438DC88C501}.Debug|Any CPU.ActiveCfg = Debug|Any CPU
		{9322EA55-EDD9-4194-BF77-8438DC88C501}.Debug|Any CPU.Build.0 = Debug|Any CPU
		{9322EA55-EDD9-4194-BF77-8438DC88C501}.Release|Any CPU.ActiveCfg = Release|Any CPU
		{9322EA55-EDD9-4194-BF77-8438DC88C501}.Release|Any CPU.Build.0 = Release|Any CPU
	EndGlobalSection
	GlobalSection(SolutionProperties) = preSolution
		HideSolutionNode = FALSE
	EndGlobalSection
	GlobalSection(NestedProjects) = preSolution
		{667323BA-CC90-4E96-B195-572F75CCE467} = {F935426A-CF5C-4C35-B6C6-9F3922C933FE}
		{9322EA55-EDD9-4194-BF77-8438DC88C501} = {667323BA-CC90-4E96-B195-572F75CCE467}
	EndGlobalSection
	GlobalSection(ExtensibilityGlobals) = postSolution
		SolutionGuid = {3304AAEF-C4E2-43C8-B104-DA8A8FEC2451}
	EndGlobalSection
EndGlobal
